# This file is automatically @generated by Cargo.
# It is not intended for manual editing.
version = 4

[[package]]
name = "cfg_test_problem"
version = "0.1.0"

[[package]]
name = "closure_arg_problem"
version = "0.1.0"

[[package]]
name = "loop_problem"
version = "0.1.0"

[[package]]
name = "match_arm_problem"
version = "0.1.0"

[[package]]
name = "matches_problem"
version = "0.1.0"
